
Microsoft Visual Studio Solution File, Format Version 12.00
# Visual Studio Version 17
VisualStudioVersion = 17.14.36221.1
MinimumVisualStudioVersion = 10.0.40219.1
Project("{FAE04EC0-301F-11D3-BF4B-00C04F79EFBC}") = "360sdDefenderControl", "360sdDefenderControl.csproj", "{F8144B5A-BD29-420A-B2EF-61096A4382A2}"
EndProject
Global
	GlobalSection(SolutionConfigurationPlatforms) = preSolution
		Debug|Any CPU = Debug|Any CPU
		Release|Any CPU = Release|Any CPU
	EndGlobalSection
	GlobalSection(ProjectConfigurationPlatforms) = postSolution
		{F8144B5A-BD29-420A-B2EF-61096A4382A2}.Debug|Any CPU.ActiveCfg = Debug|Any CPU
		{F8144B5A-BD29-420A-B2EF-61096A4382A2}.Debug|Any CPU.Build.0 = Debug|Any CPU
		{F8144B5A-BD29-420A-B2EF-61096A4382A2}.Release|Any CPU.ActiveCfg = Release|Any CPU
		{F8144B5A-BD29-420A-B2EF-61096A4382A2}.Release|Any CPU.Build.0 = Release|Any CPU
	EndGlobalSection
	GlobalSection(SolutionProperties) = preSolution
		HideSolutionNode = FALSE
	EndGlobalSection
	GlobalSection(ExtensibilityGlobals) = postSolution
		SolutionGuid = {8C236050-633F-497E-A00A-7539719E2149}
	EndGlobalSection
EndGlobal
